{
  "name": "template",
  "version": "1.0.0",
  "lockfileVersion": 1,
  "requires": true,
  "dependencies": {
    "@ez-aem/policies": {
      "version": "file:../../policies",
      "dependencies": {
        "@types/node": {
          "version": "17.0.23",
          "resolved": "https://registry.npmjs.org/@types/node/-/node-17.0.23.tgz",
          "integrity": "sha512-UxDxWn7dl97rKVeVS61vErvw086aCYhDLyvRQZ5Rk65rZKepaFdm53GeqXaKBuOhED4e9uWq34IC3TdSdJJ2Gw=="
        },
        "lodash": {
          "version": "4.17.21",
          "resolved": "https://registry.npmjs.org/lodash/-/lodash-4.17.21.tgz",
          "integrity": "sha512-v2kDEe57lecTulaDIuNTPy3Ry4gLGJ6Z1O3vE1krgXZNrsQ+LFTGHVxVjcXPs17LhbZVGedAJv8XZ1tvj5FvSg=="
        },
        "typescript": {
          "version": "4.6.3",
          "resolved": "https://registry.npmjs.org/typescript/-/typescript-4.6.3.tgz",
          "integrity": "sha512-yNIatDa5iaofVozS/uQJEl3JRWLKKGJKh6Yaiv0GLGSuhpFJe7P3SbHZ8/yjAHRQwKRoA6YZqlfjXWmVzoVSMw=="
        }
      }
    },
    "fast-xml-parser": {
      "version": "4.0.7",
      "resolved": "https://registry.npmjs.org/fast-xml-parser/-/fast-xml-parser-4.0.7.tgz",
      "integrity": "sha512-dMtibyus3kC7nbxj1CpVtysLzO13UOAZEFAb5vpQg3T4O6qvetmSePpXKFx5KPNCHKoGwjtgjfF5DOyn7s1ylQ==",
      "requires": {
        "strnum": "^1.0.5"
      }
    },
    "strnum": {
      "version": "1.0.5",
      "resolved": "https://registry.npmjs.org/strnum/-/strnum-1.0.5.tgz",
      "integrity": "sha512-J8bbNyKKXl5qYcR36TIO8W3mVGVHrmmxsd5PAItGkmyzwJvybiw2IVq5nqd0i4LSNSkB/sx9VHllbfFdr9k1JA=="
    }
  }
}
